// !$*UTF8*$!
{
	archiveVersion = 1;
	classes = {
	};
	objectVersion = 46;
	objects = {

/* Begin PBXBuildFile section */
		2B523C478B1D51C09092AA3A /* Pods_ReuseCellConfigureSample.framework in Frameworks */ = {isa = PBXBuildFile; fileRef = 9226030AE9EF6E1227D6CC80 /* Pods_ReuseCellConfigureSample.framework */; };
		37A2793E1C3C203A00691403 /* TableViewCellProtocol.swift in Sources */ = {isa = PBXBuildFile; fileRef = 37A2793D1C3C203A00691403 /* TableViewCellProtocol.swift */; };
		37A2794F1C3C3C8A00691403 /* CollectionViewCellProtocol.swift in Sources */ = {isa = PBXBuildFile; fileRef = 37A2794A1C3C3C8A00691403 /* CollectionViewCellProtocol.swift */; };
		37A279501C3C3C8A00691403 /* LeftCollectionViewCell.swift in Sources */ = {isa = PBXBuildFile; fileRef = 37A2794B1C3C3C8A00691403 /* LeftCollectionViewCell.swift */; };
		37A279511C3C3C8A00691403 /* LeftCollectionViewCell.xib in Resources */ = {isa = PBXBuildFile; fileRef = 37A2794C1C3C3C8A00691403 /* LeftCollectionViewCell.xib */; };
		37A279521C3C3C8A00691403 /* RightCollectionViewCell.swift in Sources */ = {isa = PBXBuildFile; fileRef = 37A2794D1C3C3C8A00691403 /* RightCollectionViewCell.swift */; };
		37A279531C3C3C8A00691403 /* RightCollectionViewCell.xib in Resources */ = {isa = PBXBuildFile; fileRef = 37A2794E1C3C3C8A00691403 /* RightCollectionViewCell.xib */; };
		9D1D2AF81C36D169006A4E62 /* AppDelegate.swift in Sources */ = {isa = PBXBuildFile; fileRef = 9D1D2AF71C36D169006A4E62 /* AppDelegate.swift */; };
		9D1D2AFA1C36D169006A4E62 /* ViewController.swift in Sources */ = {isa = PBXBuildFile; fileRef = 9D1D2AF91C36D169006A4E62 /* ViewController.swift */; };
		9D1D2AFD1C36D169006A4E62 /* Main.storyboard in Resources */ = {isa = PBXBuildFile; fileRef = 9D1D2AFB1C36D169006A4E62 /* Main.storyboard */; };
		9D1D2AFF1C36D169006A4E62 /* Assets.xcassets in Resources */ = {isa = PBXBuildFile; fileRef = 9D1D2AFE1C36D169006A4E62 /* Assets.xcassets */; };
		9D1D2B021C36D169006A4E62 /* LaunchScreen.storyboard in Resources */ = {isa = PBXBuildFile; fileRef = 9D1D2B001C36D169006A4E62 /* LaunchScreen.storyboard */; };
		9D1D2B161C3BD955006A4E62 /* CollectionViewController.swift in Sources */ = {isa = PBXBuildFile; fileRef = 9D1D2B151C3BD955006A4E62 /* CollectionViewController.swift */; };
		9D1D2B181C3BD961006A4E62 /* TableViewController.swift in Sources */ = {isa = PBXBuildFile; fileRef = 9D1D2B171C3BD961006A4E62 /* TableViewController.swift */; };
		9D1D2B1B1C3BDA89006A4E62 /* LeftIconTableViewCell.swift in Sources */ = {isa = PBXBuildFile; fileRef = 9D1D2B191C3BDA89006A4E62 /* LeftIconTableViewCell.swift */; };
		9D1D2B1C1C3BDA89006A4E62 /* LeftIconTableViewCell.xib in Resources */ = {isa = PBXBuildFile; fileRef = 9D1D2B1A1C3BDA89006A4E62 /* LeftIconTableViewCell.xib */; };
		9D1D2B1F1C3BDA9F006A4E62 /* RightIconTableViewCell.swift in Sources */ = {isa = PBXBuildFile; fileRef = 9D1D2B1D1C3BDA9F006A4E62 /* RightIconTableViewCell.swift */; };
		9D1D2B201C3BDA9F006A4E62 /* RightIconTableViewCell.xib in Resources */ = {isa = PBXBuildFile; fileRef = 9D1D2B1E1C3BDA9F006A4E62 /* RightIconTableViewCell.xib */; };
/* End PBXBuildFile section */

/* Begin PBXFileReference section */
		35F15AF8FC0737D1BE1B5686 /* Pods-ReuseCellConfigureSample.debug.xcconfig */ = {isa = PBXFileReference; includeInIndex = 1; lastKnownFileType = text.xcconfig; name = "Pods-ReuseCellConfigureSample.debug.xcconfig"; path = "Pods/Target Support Files/Pods-ReuseCellConfigureSample/Pods-ReuseCellConfigureSample.debug.xcconfig"; sourceTree = "<group>"; };
		37A2793D1C3C203A00691403 /* TableViewCellProtocol.swift */ = {isa = PBXFileReference; fileEncoding = 4; lastKnownFileType = sourcecode.swift; path = TableViewCellProtocol.swift; sourceTree = "<group>"; };
		37A2794A1C3C3C8A00691403 /* CollectionViewCellProtocol.swift */ = {isa = PBXFileReference; fileEncoding = 4; lastKnownFileType = sourcecode.swift; path = CollectionViewCellProtocol.swift; sourceTree = "<group>"; };
		37A2794B1C3C3C8A00691403 /* LeftCollectionViewCell.swift */ = {isa = PBXFileReference; fileEncoding = 4; lastKnownFileType = sourcecode.swift; path = LeftCollectionViewCell.swift; sourceTree = "<group>"; };
		37A2794C1C3C3C8A00691403 /* LeftCollectionViewCell.xib */ = {isa = PBXFileReference; fileEncoding = 4; lastKnownFileType = file.xib; path = LeftCollectionViewCell.xib; sourceTree = "<group>"; };
		37A2794D1C3C3C8A00691403 /* RightCollectionViewCell.swift */ = {isa = PBXFileReference; fileEncoding = 4; lastKnownFileType = sourcecode.swift; path = RightCollectionViewCell.swift; sourceTree = "<group>"; };
		37A2794E1C3C3C8A00691403 /* RightCollectionViewCell.xib */ = {isa = PBXFileReference; fileEncoding = 4; lastKnownFileType = file.xib; path = RightCollectionViewCell.xib; sourceTree = "<group>"; };
		9226030AE9EF6E1227D6CC80 /* Pods_ReuseCellConfigureSample.framework */ = {isa = PBXFileReference; explicitFileType = wrapper.framework; includeInIndex = 0; path = Pods_ReuseCellConfigureSample.framework; sourceTree = BUILT_PRODUCTS_DIR; };
		9577821012F97E1BADCEADF7 /* Pods-ReuseCellConfigureSample.release.xcconfig */ = {isa = PBXFileReference; includeInIndex = 1; lastKnownFileType = text.xcconfig; name = "Pods-ReuseCellConfigureSample.release.xcconfig"; path = "Pods/Target Support Files/Pods-ReuseCellConfigureSample/Pods-ReuseCellConfigureSample.release.xcconfig"; sourceTree = "<group>"; };
		9D1D2AF41C36D169006A4E62 /* ReuseCellConfigureSample.app */ = {isa = PBXFileReference; explicitFileType = wrapper.application; includeInIndex = 0; path = ReuseCellConfigureSample.app; sourceTree = BUILT_PRODUCTS_DIR; };
		9D1D2AF71C36D169006A4E62 /* AppDelegate.swift */ = {isa = PBXFileReference; lastKnownFileType = sourcecode.swift; path = AppDelegate.swift; sourceTree = "<group>"; };
		9D1D2AF91C36D169006A4E62 /* ViewController.swift */ = {isa = PBXFileReference; lastKnownFileType = sourcecode.swift; path = ViewController.swift; sourceTree = "<group>"; };
		9D1D2AFC1C36D169006A4E62 /* Base */ = {isa = PBXFileReference; lastKnownFileType = file.storyboard; name = Base; path = Base.lproj/Main.storyboard; sourceTree = "<group>"; };
		9D1D2AFE1C36D169006A4E62 /* Assets.xcassets */ = {isa = PBXFileReference; lastKnownFileType = folder.assetcatalog; path = Assets.xcassets; sourceTree = "<group>"; };
		9D1D2B011C36D169006A4E62 /* Base */ = {isa = PBXFileReference; lastKnownFileType = file.storyboard; name = Base; path = Base.lproj/LaunchScreen.storyboard; sourceTree = "<group>"; };
		9D1D2B031C36D169006A4E62 /* Info.plist */ = {isa = PBXFileReference; lastKnownFileType = text.plist.xml; path = Info.plist; sourceTree = "<group>"; };
		9D1D2B151C3BD955006A4E62 /* CollectionViewController.swift */ = {isa = PBXFileReference; fileEncoding = 4; lastKnownFileType = sourcecode.swift; path = CollectionViewController.swift; sourceTree = "<group>"; };
		9D1D2B171C3BD961006A4E62 /* TableViewController.swift */ = {isa = PBXFileReference; fileEncoding = 4; lastKnownFileType = sourcecode.swift; path = TableViewController.swift; sourceTree = "<group>"; };
		9D1D2B191C3BDA89006A4E62 /* LeftIconTableViewCell.swift */ = {isa = PBXFileReference; fileEncoding = 4; lastKnownFileType = sourcecode.swift; path = LeftIconTableViewCell.swift; sourceTree = "<group>"; };
		9D1D2B1A1C3BDA89006A4E62 /* LeftIconTableViewCell.xib */ = {isa = PBXFileReference; fileEncoding = 4; lastKnownFileType = file.xib; path = LeftIconTableViewCell.xib; sourceTree = "<group>"; };
		9D1D2B1D1C3BDA9F006A4E62 /* RightIconTableViewCell.swift */ = {isa = PBXFileReference; fileEncoding = 4; lastKnownFileType = sourcecode.swift; path = RightIconTableViewCell.swift; sourceTree = "<group>"; };
		9D1D2B1E1C3BDA9F006A4E62 /* RightIconTableViewCell.xib */ = {isa = PBXFileReference; fileEncoding = 4; lastKnownFileType = file.xib; path = RightIconTableViewCell.xib; sourceTree = "<group>"; };
/* End PBXFileReference section */

/* Begin PBXFrameworksBuildPhase section */
		9D1D2AF11C36D169006A4E62 /* Frameworks */ = {
			isa = PBXFrameworksBuildPhase;
			buildActionMask = 2147483647;
			files = (
				2B523C478B1D51C09092AA3A /* Pods_ReuseCellConfigureSample.framework in Frameworks */,
			);
			runOnlyForDeploymentPostprocessing = 0;
		};
/* End PBXFrameworksBuildPhase section */

/* Begin PBXGroup section */
		37A279491C3C3C8A00691403 /* Cells */ = {
			isa = PBXGroup;
			children = (
				37A2794A1C3C3C8A00691403 /* CollectionViewCellProtocol.swift */,
				37A2794B1C3C3C8A00691403 /* LeftCollectionViewCell.swift */,
				37A2794C1C3C3C8A00691403 /* LeftCollectionViewCell.xib */,
				37A2794D1C3C3C8A00691403 /* RightCollectionViewCell.swift */,
				37A2794E1C3C3C8A00691403 /* RightCollectionViewCell.xib */,
			);
			path = Cells;
			sourceTree = "<group>";
		};
		8C68BFEBC18EB777C47E23BD /* Pods */ = {
			isa = PBXGroup;
			children = (
				35F15AF8FC0737D1BE1B5686 /* Pods-ReuseCellConfigureSample.debug.xcconfig */,
				9577821012F97E1BADCEADF7 /* Pods-ReuseCellConfigureSample.release.xcconfig */,
			);
			name = Pods;
			sourceTree = "<group>";
		};
		9D1D2AEB1C36D169006A4E62 = {
			isa = PBXGroup;
			children = (
				9D1D2AF61C36D169006A4E62 /* ReuseCellConfigureSample */,
				9D1D2AF51C36D169006A4E62 /* Products */,
				8C68BFEBC18EB777C47E23BD /* Pods */,
				A5BAF581C4C4AA45CCD52340 /* Frameworks */,
			);
			sourceTree = "<group>";
		};
		9D1D2AF51C36D169006A4E62 /* Products */ = {
			isa = PBXGroup;
			children = (
				9D1D2AF41C36D169006A4E62 /* ReuseCellConfigureSample.app */,
			);
			name = Products;
			sourceTree = "<group>";
		};
		9D1D2AF61C36D169006A4E62 /* ReuseCellConfigureSample */ = {
			isa = PBXGroup;
			children = (
				9D1D2B111C3BD830006A4E62 /* CollectionView */,
				9D1D2B131C3BD830006A4E62 /* TableView */,
				9D1D2AF71C36D169006A4E62 /* AppDelegate.swift */,
				9D1D2AF91C36D169006A4E62 /* ViewController.swift */,
				9D1D2AFB1C36D169006A4E62 /* Main.storyboard */,
				9D1D2AFE1C36D169006A4E62 /* Assets.xcassets */,
				9D1D2B001C36D169006A4E62 /* LaunchScreen.storyboard */,
				9D1D2B031C36D169006A4E62 /* Info.plist */,
			);
			path = ReuseCellConfigureSample;
			sourceTree = "<group>";
		};
		9D1D2B111C3BD830006A4E62 /* CollectionView */ = {
			isa = PBXGroup;
			children = (
				9D1D2B151C3BD955006A4E62 /* CollectionViewController.swift */,
				37A279491C3C3C8A00691403 /* Cells */,
			);
			path = CollectionView;
			sourceTree = "<group>";
		};
		9D1D2B131C3BD830006A4E62 /* TableView */ = {
			isa = PBXGroup;
			children = (
				9D1D2B171C3BD961006A4E62 /* TableViewController.swift */,
				9D1D2B141C3BD830006A4E62 /* Cells */,
			);
			path = TableView;
			sourceTree = "<group>";
		};
		9D1D2B141C3BD830006A4E62 /* Cells */ = {
			isa = PBXGroup;
			children = (
				37A2793D1C3C203A00691403 /* TableViewCellProtocol.swift */,
				9D1D2B191C3BDA89006A4E62 /* LeftIconTableViewCell.swift */,
				9D1D2B1A1C3BDA89006A4E62 /* LeftIconTableViewCell.xib */,
				9D1D2B1D1C3BDA9F006A4E62 /* RightIconTableViewCell.swift */,
				9D1D2B1E1C3BDA9F006A4E62 /* RightIconTableViewCell.xib */,
			);
			path = Cells;
			sourceTree = "<group>";
		};
		A5BAF581C4C4AA45CCD52340 /* Frameworks */ = {
			isa = PBXGroup;
			children = (
				9226030AE9EF6E1227D6CC80 /* Pods_ReuseCellConfigureSample.framework */,
			);
			name = Frameworks;
			sourceTree = "<group>";
		};
/* End PBXGroup section */

/* Begin PBXNativeTarget section */
		9D1D2AF31C36D169006A4E62 /* ReuseCellConfigureSample */ = {
			isa = PBXNativeTarget;
			buildConfigurationList = 9D1D2B061C36D169006A4E62 /* Build configuration list for PBXNativeTarget "ReuseCellConfigureSample" */;
			buildPhases = (
				F44CB827E77ED279A5079E08 /* [CP] Check Pods Manifest.lock */,
				9D1D2AF01C36D169006A4E62 /* Sources */,
				9D1D2AF11C36D169006A4E62 /* Frameworks */,
				9D1D2AF21C36D169006A4E62 /* Resources */,
				3FAB0BD86D01EBC8314EBE84 /* [CP] Embed Pods Frameworks */,
				84DEDF318D69AAE3CB87B3BF /* [CP] Copy Pods Resources */,
			);
			buildRules = (
			);
			dependencies = (
			);
			name = ReuseCellConfigureSample;
			productName = ReuseCellConfigureSample;
			productReference = 9D1D2AF41C36D169006A4E62 /* ReuseCellConfigureSample.app */;
			productType = "com.apple.product-type.application";
		};
/* End PBXNativeTarget section */

/* Begin PBXProject section */
		9D1D2AEC1C36D169006A4E62 /* Project object */ = {
			isa = PBXProject;
			attributes = {
				LastSwiftUpdateCheck = 0720;
				LastUpgradeCheck = 0800;
				ORGANIZATIONNAME = "szk-atmosphere";
				TargetAttributes = {
					9D1D2AF31C36D169006A4E62 = {
						CreatedOnToolsVersion = 7.2;
						LastSwiftMigration = 0800;
					};
				};
			};
			buildConfigurationList = 9D1D2AEF1C36D169006A4E62 /* Build configuration list for PBXProject "ReuseCellConfigureSample" */;
			compatibilityVersion = "Xcode 3.2";
			developmentRegion = English;
			hasScannedForEncodings = 0;
			knownRegions = (
				en,
				Base,
			);
			mainGroup = 9D1D2AEB1C36D169006A4E62;
			productRefGroup = 9D1D2AF51C36D169006A4E62 /* Products */;
			projectDirPath = "";
			projectRoot = "";
			targets = (
				9D1D2AF31C36D169006A4E62 /* ReuseCellConfigureSample */,
			);
		};
/* End PBXProject section */

/* Begin PBXResourcesBuildPhase section */
		9D1D2AF21C36D169006A4E62 /* Resources */ = {
			isa = PBXResourcesBuildPhase;
			buildActionMask = 2147483647;
			files = (
				37A279531C3C3C8A00691403 /* RightCollectionViewCell.xib in Resources */,
				9D1D2B201C3BDA9F006A4E62 /* RightIconTableViewCell.xib in Resources */,
				9D1D2B021C36D169006A4E62 /* LaunchScreen.storyboard in Resources */,
				9D1D2B1C1C3BDA89006A4E62 /* LeftIconTableViewCell.xib in Resources */,
				37A279511C3C3C8A00691403 /* LeftCollectionViewCell.xib in Resources */,
				9D1D2AFF1C36D169006A4E62 /* Assets.xcassets in Resources */,
				9D1D2AFD1C36D169006A4E62 /* Main.storyboard in Resources */,
			);
			runOnlyForDeploymentPostprocessing = 0;
		};
/* End PBXResourcesBuildPhase section */

/* Begin PBXShellScriptBuildPhase section */
		3FAB0BD86D01EBC8314EBE84 /* [CP] Embed Pods Frameworks */ = {
			isa = PBXShellScriptBuildPhase;
			buildActionMask = 2147483647;
			files = (
			);
			inputPaths = (
			);
			name = "[CP] Embed Pods Frameworks";
			outputPaths = (
			);
			runOnlyForDeploymentPostprocessing = 0;
			shellPath = /bin/sh;
			shellScript = "\"${SRCROOT}/Pods/Target Support Files/Pods-ReuseCellConfigureSample/Pods-ReuseCellConfigureSample-frameworks.sh\"\n";
			showEnvVarsInLog = 0;
		};
		84DEDF318D69AAE3CB87B3BF /* [CP] Copy Pods Resources */ = {
			isa = PBXShellScriptBuildPhase;
			buildActionMask = 2147483647;
			files = (
			);
			inputPaths = (
			);
			name = "[CP] Copy Pods Resources";
			outputPaths = (
			);
			runOnlyForDeploymentPostprocessing = 0;
			shellPath = /bin/sh;
			shellScript = "\"${SRCROOT}/Pods/Target Support Files/Pods-ReuseCellConfigureSample/Pods-ReuseCellConfigureSample-resources.sh\"\n";
			showEnvVarsInLog = 0;
		};
		F44CB827E77ED279A5079E08 /* [CP] Check Pods Manifest.lock */ = {
			isa = PBXShellScriptBuildPhase;
			buildActionMask = 2147483647;
			files = (
			);
			inputPaths = (
			);
			name = "[CP] Check Pods Manifest.lock";
			outputPaths = (
			);
			runOnlyForDeploymentPostprocessing = 0;
			shellPath = /bin/sh;
			shellScript = "diff \"${PODS_ROOT}/../Podfile.lock\" \"${PODS_ROOT}/Manifest.lock\" > /dev/null\nif [ $? != 0 ] ; then\n    # print error to STDERR\n    echo \"error: The sandbox is not in sync with the Podfile.lock. Run 'pod install' or update your CocoaPods installation.\" >&2\n    exit 1\nfi\n";
			showEnvVarsInLog = 0;
		};
/* End PBXShellScriptBuildPhase section */

/* Begin PBXSourcesBuildPhase section */
		9D1D2AF01C36D169006A4E62 /* Sources */ = {
			isa = PBXSourcesBuildPhase;
			buildActionMask = 2147483647;
			files = (
				37A2794F1C3C3C8A00691403 /* CollectionViewCellProtocol.swift in Sources */,
				37A2793E1C3C203A00691403 /* TableViewCellProtocol.swift in Sources */,
				9D1D2B161C3BD955006A4E62 /* CollectionViewController.swift in Sources */,
				37A279521C3C3C8A00691403 /* RightCollectionViewCell.swift in Sources */,
				9D1D2AFA1C36D169006A4E62 /* ViewController.swift in Sources */,
				9D1D2AF81C36D169006A4E62 /* AppDelegate.swift in Sources */,
				9D1D2B181C3BD961006A4E62 /* TableViewController.swift in Sources */,
				37A279501C3C3C8A00691403 /* LeftCollectionViewCell.swift in Sources */,
				9D1D2B1B1C3BDA89006A4E62 /* LeftIconTableViewCell.swift in Sources */,
				9D1D2B1F1C3BDA9F006A4E62 /* RightIconTableViewCell.swift in Sources */,
			);
			runOnlyForDeploymentPostprocessing = 0;
		};
/* End PBXSourcesBuildPhase section */

/* Begin PBXVariantGroup section */
		9D1D2AFB1C36D169006A4E62 /* Main.storyboard */ = {
			isa = PBXVariantGroup;
			children = (
				9D1D2AFC1C36D169006A4E62 /* Base */,
			);
			name = Main.storyboard;
			sourceTree = "<group>";
		};
		9D1D2B001C36D169006A4E62 /* LaunchScreen.storyboard */ = {
			isa = PBXVariantGroup;
			children = (
				9D1D2B011C36D169006A4E62 /* Base */,
			);
			name = LaunchScreen.storyboard;
			sourceTree = "<group>";
		};
/* End PBXVariantGroup section */

/* Begin XCBuildConfiguration section */
		9D1D2B041C36D169006A4E62 /* Debug */ = {
			isa = XCBuildConfiguration;
			buildSettings = {
				ALWAYS_SEARCH_USER_PATHS = NO;
				CLANG_CXX_LANGUAGE_STANDARD = "gnu++0x";
				CLANG_CXX_LIBRARY = "libc++";
				CLANG_ENABLE_MODULES = YES;
				CLANG_ENABLE_OBJC_ARC = YES;
				CLANG_WARN_BOOL_CONVERSION = YES;
				CLANG_WARN_CONSTANT_CONVERSION = YES;
				CLANG_WARN_DIRECT_OBJC_ISA_USAGE = YES_ERROR;
				CLANG_WARN_EMPTY_BODY = YES;
				CLANG_WARN_ENUM_CONVERSION = YES;
				CLANG_WARN_INFINITE_RECURSION = YES;
				CLANG_WARN_INT_CONVERSION = YES;
				CLANG_WARN_OBJC_ROOT_CLASS = YES_ERROR;
				CLANG_WARN_SUSPICIOUS_MOVE = YES;
				CLANG_WARN_UNREACHABLE_CODE = YES;
				CLANG_WARN__DUPLICATE_METHOD_MATCH = YES;
				"CODE_SIGN_IDENTITY[sdk=iphoneos*]" = "iPhone Developer";
				COPY_PHASE_STRIP = NO;
				DEBUG_INFORMATION_FORMAT = dwarf;
				ENABLE_STRICT_OBJC_MSGSEND = YES;
				ENABLE_TESTABILITY = YES;
				GCC_C_LANGUAGE_STANDARD = gnu99;
				GCC_DYNAMIC_NO_PIC = NO;
				GCC_NO_COMMON_BLOCKS = YES;
				GCC_OPTIMIZATION_LEVEL = 0;
				GCC_PREPROCESSOR_DEFINITIONS = (
					"DEBUG=1",
					"$(inherited)",
				);
				GCC_WARN_64_TO_32_BIT_CONVERSION = YES;
				GCC_WARN_ABOUT_RETURN_TYPE = YES_ERROR;
				GCC_WARN_UNDECLARED_SELECTOR = YES;
				GCC_WARN_UNINITIALIZED_AUTOS = YES_AGGRESSIVE;
				GCC_WARN_UNUSED_FUNCTION = YES;
				GCC_WARN_UNUSED_VARIABLE = YES;
				IPHONEOS_DEPLOYMENT_TARGET = 9.2;
				MTL_ENABLE_DEBUG_INFO = YES;
				ONLY_ACTIVE_ARCH = YES;
				SDKROOT = iphoneos;
				SWIFT_OPTIMIZATION_LEVEL = "-Onone";
				SWIFT_VERSION = 2.3;
			};
			name = Debug;
		};
		9D1D2B051C36D169006A4E62 /* Release */ = {
			isa = XCBuildConfiguration;
			buildSettings = {
				ALWAYS_SEARCH_USER_PATHS = NO;
				CLANG_CXX_LANGUAGE_STANDARD = "gnu++0x";
				CLANG_CXX_LIBRARY = "libc++";
				CLANG_ENABLE_MODULES = YES;
				CLANG_ENABLE_OBJC_ARC = YES;
				CLANG_WARN_BOOL_CONVERSION = YES;
				CLANG_WARN_CONSTANT_CONVERSION = YES;
				CLANG_WARN_DIRECT_OBJC_ISA_USAGE = YES_ERROR;
				CLANG_WARN_EMPTY_BODY = YES;
				CLANG_WARN_ENUM_CONVERSION = YES;
				CLANG_WARN_INFINITE_RECURSION = YES;
				CLANG_WARN_INT_CONVERSION = YES;
				CLANG_WARN_OBJC_ROOT_CLASS = YES_ERROR;
				CLANG_WARN_SUSPICIOUS_MOVE = YES;
				CLANG_WARN_UNREACHABLE_CODE = YES;
				CLANG_WARN__DUPLICATE_METHOD_MATCH = YES;
				"CODE_SIGN_IDENTITY[sdk=iphoneos*]" = "iPhone Developer";
				COPY_PHASE_STRIP = NO;
				DEBUG_INFORMATION_FORMAT = "dwarf-with-dsym";
				ENABLE_NS_ASSERTIONS = NO;
				ENABLE_STRICT_OBJC_MSGSEND = YES;
				GCC_C_LANGUAGE_STANDARD = gnu99;
				GCC_NO_COMMON_BLOCKS = YES;
				GCC_WARN_64_TO_32_BIT_CONVERSION = YES;
				GCC_WARN_ABOUT_RETURN_TYPE = YES_ERROR;
				GCC_WARN_UNDECLARED_SELECTOR = YES;
				GCC_WARN_UNINITIALIZED_AUTOS = YES_AGGRESSIVE;
				GCC_WARN_UNUSED_FUNCTION = YES;
				GCC_WARN_UNUSED_VARIABLE = YES;
				IPHONEOS_DEPLOYMENT_TARGET = 9.2;
				MTL_ENABLE_DEBUG_INFO = NO;
				SDKROOT = iphoneos;
				SWIFT_OPTIMIZATION_LEVEL = "-Owholemodule";
				SWIFT_VERSION = 2.3;
				VALIDATE_PRODUCT = YES;
			};
			name = Release;
		};
		9D1D2B071C36D169006A4E62 /* Debug */ = {
			isa = XCBuildConfiguration;
			baseConfigurationReference = 35F15AF8FC0737D1BE1B5686 /* Pods-ReuseCellConfigureSample.debug.xcconfig */;
			buildSettings = {
				ALWAYS_EMBED_SWIFT_STANDARD_LIBRARIES = "$(inherited)";
				ASSETCATALOG_COMPILER_APPICON_NAME = AppIcon;
				INFOPLIST_FILE = ReuseCellConfigureSample/Info.plist;
				IPHONEOS_DEPLOYMENT_TARGET = 8.0;
				LD_RUNPATH_SEARCH_PATHS = "$(inherited) @executable_path/Frameworks";
				PRODUCT_BUNDLE_IDENTIFIER = "szk-atmosphere.ReuseCellConfigureSample";
				PRODUCT_NAME = "$(TARGET_NAME)";
				SWIFT_VERSION = 3.0;
			};
			name = Debug;
		};
		9D1D2B081C36D169006A4E62 /* Release */ = {
			isa = XCBuildConfiguration;
			baseConfigurationReference = 9577821012F97E1BADCEADF7 /* Pods-ReuseCellConfigureSample.release.xcconfig */;
			buildSettings = {
				ALWAYS_EMBED_SWIFT_STANDARD_LIBRARIES = "$(inherited)";
				ASSETCATALOG_COMPILER_APPICON_NAME = AppIcon;
				INFOPLIST_FILE = ReuseCellConfigureSample/Info.plist;
				IPHONEOS_DEPLOYMENT_TARGET = 8.0;
				LD_RUNPATH_SEARCH_PATHS = "$(inherited) @executable_path/Frameworks";
				PRODUCT_BUNDLE_IDENTIFIER = "szk-atmosphere.ReuseCellConfigureSample";
				PRODUCT_NAME = "$(TARGET_NAME)";
				SWIFT_OPTIMIZATION_LEVEL = "-Owholemodule";
				SWIFT_VERSION = 3.0;
			};
			name = Release;
		};
/* End XCBuildConfiguration section */

/* Begin XCConfigurationList section */
		9D1D2AEF1C36D169006A4E62 /* Build configuration list for PBXProject "ReuseCellConfigureSample" */ = {
			isa = XCConfigurationList;
			buildConfigurations = (
				9D1D2B041C36D169006A4E62 /* Debug */,
				9D1D2B051C36D169006A4E62 /* Release */,
			);
			defaultConfigurationIsVisible = 0;
			defaultConfigurationName = Release;
		};
		9D1D2B061C36D169006A4E62 /* Build configuration list for PBXNativeTarget "ReuseCellConfigureSample" */ = {
			isa = XCConfigurationList;
			buildConfigurations = (
				9D1D2B071C36D169006A4E62 /* Debug */,
				9D1D2B081C36D169006A4E62 /* Release */,
			);
			defaultConfigurationIsVisible = 0;
			defaultConfigurationName = Release;
		};
/* End XCConfigurationList section */
	};
	rootObject = 9D1D2AEC1C36D169006A4E62 /* Project object */;
}
