PODS:
  - ReuseCellConfigure (0.3.0)

DEPENDENCIES:
  - ReuseCellConfigure (from `../`)

EXTERNAL SOURCES:
  ReuseCellConfigure:
    :path: "../"

SPEC CHECKSUMS:
  ReuseCellConfigure: fb72675eee381b0158066d1fd52db26ade5bc956

PODFILE CHECKSUM: 845a989830855f545c6c6b16d5cb8af1b43d3beb

COCOAPODS: 1.1.0.rc.2
