PODS:
  - ReuseCellConfigure (0.2.3)

DEPENDENCIES:
  - ReuseCellConfigure (from `../`)

EXTERNAL SOURCES:
  ReuseCellConfigure:
    :path: "../"

SPEC CHECKSUMS:
  ReuseCellConfigure: f9fd9ede7640d9a3976c9a051013dad019da842f

PODFILE CHECKSUM: 845a989830855f545c6c6b16d5cb8af1b43d3beb

COCOAPODS: 1.0.0.beta.6
